// !$*UTF8*$!
{
	archiveVersion = 1;
	classes = {
	};
	objectVersion = 50;
	objects = {

/* Begin PBXBuildFile section */
		C49B1553247CC12000C0E1BE /* AppDelegate.m in Sources */ = {isa = PBXBuildFile; fileRef = C49B1552247CC12000C0E1BE /* AppDelegate.m */; };
		C49B1559247CC12000C0E1BE /* ViewController.m in Sources */ = {isa = PBXBuildFile; fileRef = C49B1558247CC12000C0E1BE /* ViewController.m */; };
		C49B155C247CC12000C0E1BE /* Main.storyboard in Resources */ = {isa = PBXBuildFile; fileRef = C49B155A247CC12000C0E1BE /* Main.storyboard */; };
		C49B155E247CC12200C0E1BE /* Assets.xcassets in Resources */ = {isa = PBXBuildFile; fileRef = C49B155D247CC12200C0E1BE /* Assets.xcassets */; };
		C49B1561247CC12200C0E1BE /* LaunchScreen.storyboard in Resources */ = {isa = PBXBuildFile; fileRef = C49B155F247CC12200C0E1BE /* LaunchScreen.storyboard */; };
		C49B1564247CC12200C0E1BE /* main.m in Sources */ = {isa = PBXBuildFile; fileRef = C49B1563247CC12200C0E1BE /* main.m */; };
		C49B156C247CFCCE00C0E1BE /* MyClass.m in Sources */ = {isa = PBXBuildFile; fileRef = C49B156B247CFCCE00C0E1BE /* MyClass.m */; };
		C4CF472724A0C1AA006E4067 /* TestClass.m in Sources */ = {isa = PBXBuildFile; fileRef = C4CF472624A0C1AA006E4067 /* TestClass.m */; };
/* End PBXBuildFile section */

/* Begin PBXFileReference section */
		C49B154E247CC12000C0E1BE /* RuntimeDemo.app */ = {isa = PBXFileReference; explicitFileType = wrapper.application; includeInIndex = 0; path = RuntimeDemo.app; sourceTree = BUILT_PRODUCTS_DIR; };
		C49B1551247CC12000C0E1BE /* AppDelegate.h */ = {isa = PBXFileReference; lastKnownFileType = sourcecode.c.h; path = AppDelegate.h; sourceTree = "<group>"; };
		C49B1552247CC12000C0E1BE /* AppDelegate.m */ = {isa = PBXFileReference; lastKnownFileType = sourcecode.c.objc; path = AppDelegate.m; sourceTree = "<group>"; };
		C49B1557247CC12000C0E1BE /* ViewController.h */ = {isa = PBXFileReference; lastKnownFileType = sourcecode.c.h; path = ViewController.h; sourceTree = "<group>"; };
		C49B1558247CC12000C0E1BE /* ViewController.m */ = {isa = PBXFileReference; lastKnownFileType = sourcecode.c.objc; path = ViewController.m; sourceTree = "<group>"; };
		C49B155B247CC12000C0E1BE /* Base */ = {isa = PBXFileReference; lastKnownFileType = file.storyboard; name = Base; path = Base.lproj/Main.storyboard; sourceTree = "<group>"; };
		C49B155D247CC12200C0E1BE /* Assets.xcassets */ = {isa = PBXFileReference; lastKnownFileType = folder.assetcatalog; path = Assets.xcassets; sourceTree = "<group>"; };
		C49B1560247CC12200C0E1BE /* Base */ = {isa = PBXFileReference; lastKnownFileType = file.storyboard; name = Base; path = Base.lproj/LaunchScreen.storyboard; sourceTree = "<group>"; };
		C49B1562247CC12200C0E1BE /* Info.plist */ = {isa = PBXFileReference; lastKnownFileType = text.plist.xml; path = Info.plist; sourceTree = "<group>"; };
		C49B1563247CC12200C0E1BE /* main.m */ = {isa = PBXFileReference; lastKnownFileType = sourcecode.c.objc; path = main.m; sourceTree = "<group>"; };
		C49B156A247CFCCE00C0E1BE /* MyClass.h */ = {isa = PBXFileReference; lastKnownFileType = sourcecode.c.h; path = MyClass.h; sourceTree = "<group>"; };
		C49B156B247CFCCE00C0E1BE /* MyClass.m */ = {isa = PBXFileReference; lastKnownFileType = sourcecode.c.objc; path = MyClass.m; sourceTree = "<group>"; };
		C4CF472524A0C1AA006E4067 /* TestClass.h */ = {isa = PBXFileReference; lastKnownFileType = sourcecode.c.h; path = TestClass.h; sourceTree = "<group>"; };
		C4CF472624A0C1AA006E4067 /* TestClass.m */ = {isa = PBXFileReference; lastKnownFileType = sourcecode.c.objc; path = TestClass.m; sourceTree = "<group>"; };
/* End PBXFileReference section */

/* Begin PBXFrameworksBuildPhase section */
		C49B154B247CC12000C0E1BE /* Frameworks */ = {
			isa = PBXFrameworksBuildPhase;
			buildActionMask = 2147483647;
			files = (
			);
			runOnlyForDeploymentPostprocessing = 0;
		};
/* End PBXFrameworksBuildPhase section */

/* Begin PBXGroup section */
		C49B1545247CC12000C0E1BE = {
			isa = PBXGroup;
			children = (
				C49B1550247CC12000C0E1BE /* RuntimeDemo */,
				C49B154F247CC12000C0E1BE /* Products */,
			);
			sourceTree = "<group>";
		};
		C49B154F247CC12000C0E1BE /* Products */ = {
			isa = PBXGroup;
			children = (
				C49B154E247CC12000C0E1BE /* RuntimeDemo.app */,
			);
			name = Products;
			sourceTree = "<group>";
		};
		C49B1550247CC12000C0E1BE /* RuntimeDemo */ = {
			isa = PBXGroup;
			children = (
				C49B1551247CC12000C0E1BE /* AppDelegate.h */,
				C49B1552247CC12000C0E1BE /* AppDelegate.m */,
				C49B1557247CC12000C0E1BE /* ViewController.h */,
				C49B1558247CC12000C0E1BE /* ViewController.m */,
				C49B156A247CFCCE00C0E1BE /* MyClass.h */,
				C49B156B247CFCCE00C0E1BE /* MyClass.m */,
				C49B155A247CC12000C0E1BE /* Main.storyboard */,
				C49B155D247CC12200C0E1BE /* Assets.xcassets */,
				C49B155F247CC12200C0E1BE /* LaunchScreen.storyboard */,
				C49B1562247CC12200C0E1BE /* Info.plist */,
				C49B1563247CC12200C0E1BE /* main.m */,
				C4CF472524A0C1AA006E4067 /* TestClass.h */,
				C4CF472624A0C1AA006E4067 /* TestClass.m */,
			);
			path = RuntimeDemo;
			sourceTree = "<group>";
		};
/* End PBXGroup section */

/* Begin PBXNativeTarget section */
		C49B154D247CC12000C0E1BE /* RuntimeDemo */ = {
			isa = PBXNativeTarget;
			buildConfigurationList = C49B1567247CC12200C0E1BE /* Build configuration list for PBXNativeTarget "RuntimeDemo" */;
			buildPhases = (
				C49B154A247CC12000C0E1BE /* Sources */,
				C49B154B247CC12000C0E1BE /* Frameworks */,
				C49B154C247CC12000C0E1BE /* Resources */,
			);
			buildRules = (
			);
			dependencies = (
			);
			name = RuntimeDemo;
			productName = RuntimeDemo;
			productReference = C49B154E247CC12000C0E1BE /* RuntimeDemo.app */;
			productType = "com.apple.product-type.application";
		};
/* End PBXNativeTarget section */

/* Begin PBXProject section */
		C49B1546247CC12000C0E1BE /* Project object */ = {
			isa = PBXProject;
			attributes = {
				LastUpgradeCheck = 1150;
				ORGANIZATIONNAME = jingjun;
				TargetAttributes = {
					C49B154D247CC12000C0E1BE = {
						CreatedOnToolsVersion = 11.5;
					};
				};
			};
			buildConfigurationList = C49B1549247CC12000C0E1BE /* Build configuration list for PBXProject "RuntimeDemo" */;
			compatibilityVersion = "Xcode 9.3";
			developmentRegion = en;
			hasScannedForEncodings = 0;
			knownRegions = (
				en,
				Base,
			);
			mainGroup = C49B1545247CC12000C0E1BE;
			productRefGroup = C49B154F247CC12000C0E1BE /* Products */;
			projectDirPath = "";
			projectRoot = "";
			targets = (
				C49B154D247CC12000C0E1BE /* RuntimeDemo */,
			);
		};
/* End PBXProject section */

/* Begin PBXResourcesBuildPhase section */
		C49B154C247CC12000C0E1BE /* Resources */ = {
			isa = PBXResourcesBuildPhase;
			buildActionMask = 2147483647;
			files = (
				C49B1561247CC12200C0E1BE /* LaunchScreen.storyboard in Resources */,
				C49B155E247CC12200C0E1BE /* Assets.xcassets in Resources */,
				C49B155C247CC12000C0E1BE /* Main.storyboard in Resources */,
			);
			runOnlyForDeploymentPostprocessing = 0;
		};
/* End PBXResourcesBuildPhase section */

/* Begin PBXSourcesBuildPhase section */
		C49B154A247CC12000C0E1BE /* Sources */ = {
			isa = PBXSourcesBuildPhase;
			buildActionMask = 2147483647;
			files = (
				C4CF472724A0C1AA006E4067 /* TestClass.m in Sources */,
				C49B156C247CFCCE00C0E1BE /* MyClass.m in Sources */,
				C49B1559247CC12000C0E1BE /* ViewController.m in Sources */,
				C49B1553247CC12000C0E1BE /* AppDelegate.m in Sources */,
				C49B1564247CC12200C0E1BE /* main.m in Sources */,
			);
			runOnlyForDeploymentPostprocessing = 0;
		};
/* End PBXSourcesBuildPhase section */

/* Begin PBXVariantGroup section */
		C49B155A247CC12000C0E1BE /* Main.storyboard */ = {
			isa = PBXVariantGroup;
			children = (
				C49B155B247CC12000C0E1BE /* Base */,
			);
			name = Main.storyboard;
			sourceTree = "<group>";
		};
		C49B155F247CC12200C0E1BE /* LaunchScreen.storyboard */ = {
			isa = PBXVariantGroup;
			children = (
				C49B1560247CC12200C0E1BE /* Base */,
			);
			name = LaunchScreen.storyboard;
			sourceTree = "<group>";
		};
/* End PBXVariantGroup section */

/* Begin XCBuildConfiguration section */
		C49B1565247CC12200C0E1BE /* Debug */ = {
			isa = XCBuildConfiguration;
			buildSettings = {
				ALWAYS_SEARCH_USER_PATHS = NO;
				CLANG_ANALYZER_NONNULL = YES;
				CLANG_ANALYZER_NUMBER_OBJECT_CONVERSION = YES_AGGRESSIVE;
				CLANG_CXX_LANGUAGE_STANDARD = "gnu++14";
				CLANG_CXX_LIBRARY = "libc++";
				CLANG_ENABLE_MODULES = YES;
				CLANG_ENABLE_OBJC_ARC = YES;
				CLANG_ENABLE_OBJC_WEAK = YES;
				CLANG_WARN_BLOCK_CAPTURE_AUTORELEASING = YES;
				CLANG_WARN_BOOL_CONVERSION = YES;
				CLANG_WARN_COMMA = YES;
				CLANG_WARN_CONSTANT_CONVERSION = YES;
				CLANG_WARN_DEPRECATED_OBJC_IMPLEMENTATIONS = YES;
				CLANG_WARN_DIRECT_OBJC_ISA_USAGE = YES_ERROR;
				CLANG_WARN_DOCUMENTATION_COMMENTS = YES;
				CLANG_WARN_EMPTY_BODY = YES;
				CLANG_WARN_ENUM_CONVERSION = YES;
				CLANG_WARN_INFINITE_RECURSION = YES;
				CLANG_WARN_INT_CONVERSION = YES;
				CLANG_WARN_NON_LITERAL_NULL_CONVERSION = YES;
				CLANG_WARN_OBJC_IMPLICIT_RETAIN_SELF = YES;
				CLANG_WARN_OBJC_LITERAL_CONVERSION = YES;
				CLANG_WARN_OBJC_ROOT_CLASS = YES_ERROR;
				CLANG_WARN_RANGE_LOOP_ANALYSIS = YES;
				CLANG_WARN_STRICT_PROTOTYPES = YES;
				CLANG_WARN_SUSPICIOUS_MOVE = YES;
				CLANG_WARN_UNGUARDED_AVAILABILITY = YES_AGGRESSIVE;
				CLANG_WARN_UNREACHABLE_CODE = YES;
				CLANG_WARN__DUPLICATE_METHOD_MATCH = YES;
				COPY_PHASE_STRIP = NO;
				DEBUG_INFORMATION_FORMAT = dwarf;
				ENABLE_STRICT_OBJC_MSGSEND = YES;
				ENABLE_TESTABILITY = YES;
				GCC_C_LANGUAGE_STANDARD = gnu11;
				GCC_DYNAMIC_NO_PIC = NO;
				GCC_NO_COMMON_BLOCKS = YES;
				GCC_OPTIMIZATION_LEVEL = 0;
				GCC_PREPROCESSOR_DEFINITIONS = (
					"DEBUG=1",
					"$(inherited)",
				);
				GCC_WARN_64_TO_32_BIT_CONVERSION = YES;
				GCC_WARN_ABOUT_RETURN_TYPE = YES_ERROR;
				GCC_WARN_UNDECLARED_SELECTOR = YES;
				GCC_WARN_UNINITIALIZED_AUTOS = YES_AGGRESSIVE;
				GCC_WARN_UNUSED_FUNCTION = YES;
				GCC_WARN_UNUSED_VARIABLE = YES;
				IPHONEOS_DEPLOYMENT_TARGET = 13.5;
				MTL_ENABLE_DEBUG_INFO = INCLUDE_SOURCE;
				MTL_FAST_MATH = YES;
				ONLY_ACTIVE_ARCH = YES;
				SDKROOT = iphoneos;
			};
			name = Debug;
		};
		C49B1566247CC12200C0E1BE /* Release */ = {
			isa = XCBuildConfiguration;
			buildSettings = {
				ALWAYS_SEARCH_USER_PATHS = NO;
				CLANG_ANALYZER_NONNULL = YES;
				CLANG_ANALYZER_NUMBER_OBJECT_CONVERSION = YES_AGGRESSIVE;
				CLANG_CXX_LANGUAGE_STANDARD = "gnu++14";
				CLANG_CXX_LIBRARY = "libc++";
				CLANG_ENABLE_MODULES = YES;
				CLANG_ENABLE_OBJC_ARC = YES;
				CLANG_ENABLE_OBJC_WEAK = YES;
				CLANG_WARN_BLOCK_CAPTURE_AUTORELEASING = YES;
				CLANG_WARN_BOOL_CONVERSION = YES;
				CLANG_WARN_COMMA = YES;
				CLANG_WARN_CONSTANT_CONVERSION = YES;
				CLANG_WARN_DEPRECATED_OBJC_IMPLEMENTATIONS = YES;
				CLANG_WARN_DIRECT_OBJC_ISA_USAGE = YES_ERROR;
				CLANG_WARN_DOCUMENTATION_COMMENTS = YES;
				CLANG_WARN_EMPTY_BODY = YES;
				CLANG_WARN_ENUM_CONVERSION = YES;
				CLANG_WARN_INFINITE_RECURSION = YES;
				CLANG_WARN_INT_CONVERSION = YES;
				CLANG_WARN_NON_LITERAL_NULL_CONVERSION = YES;
				CLANG_WARN_OBJC_IMPLICIT_RETAIN_SELF = YES;
				CLANG_WARN_OBJC_LITERAL_CONVERSION = YES;
				CLANG_WARN_OBJC_ROOT_CLASS = YES_ERROR;
				CLANG_WARN_RANGE_LOOP_ANALYSIS = YES;
				CLANG_WARN_STRICT_PROTOTYPES = YES;
				CLANG_WARN_SUSPICIOUS_MOVE = YES;
				CLANG_WARN_UNGUARDED_AVAILABILITY = YES_AGGRESSIVE;
				CLANG_WARN_UNREACHABLE_CODE = YES;
				CLANG_WARN__DUPLICATE_METHOD_MATCH = YES;
				COPY_PHASE_STRIP = NO;
				DEBUG_INFORMATION_FORMAT = "dwarf-with-dsym";
				ENABLE_NS_ASSERTIONS = NO;
				ENABLE_STRICT_OBJC_MSGSEND = YES;
				GCC_C_LANGUAGE_STANDARD = gnu11;
				GCC_NO_COMMON_BLOCKS = YES;
				GCC_WARN_64_TO_32_BIT_CONVERSION = YES;
				GCC_WARN_ABOUT_RETURN_TYPE = YES_ERROR;
				GCC_WARN_UNDECLARED_SELECTOR = YES;
				GCC_WARN_UNINITIALIZED_AUTOS = YES_AGGRESSIVE;
				GCC_WARN_UNUSED_FUNCTION = YES;
				GCC_WARN_UNUSED_VARIABLE = YES;
				IPHONEOS_DEPLOYMENT_TARGET = 13.5;
				MTL_ENABLE_DEBUG_INFO = NO;
				MTL_FAST_MATH = YES;
				SDKROOT = iphoneos;
				VALIDATE_PRODUCT = YES;
			};
			name = Release;
		};
		C49B1568247CC12200C0E1BE /* Debug */ = {
			isa = XCBuildConfiguration;
			buildSettings = {
				ASSETCATALOG_COMPILER_APPICON_NAME = AppIcon;
				CODE_SIGN_STYLE = Automatic;
				DEVELOPMENT_TEAM = SX73SRB2SL;
				INFOPLIST_FILE = RuntimeDemo/Info.plist;
				IPHONEOS_DEPLOYMENT_TARGET = 10.0;
				LD_RUNPATH_SEARCH_PATHS = (
					"$(inherited)",
					"@executable_path/Frameworks",
				);
				PRODUCT_BUNDLE_IDENTIFIER = com.jingjun.RuntimeDemo;
				PRODUCT_NAME = "$(TARGET_NAME)";
				TARGETED_DEVICE_FAMILY = "1,2";
			};
			name = Debug;
		};
		C49B1569247CC12200C0E1BE /* Release */ = {
			isa = XCBuildConfiguration;
			buildSettings = {
				ASSETCATALOG_COMPILER_APPICON_NAME = AppIcon;
				CODE_SIGN_STYLE = Automatic;
				DEVELOPMENT_TEAM = SX73SRB2SL;
				INFOPLIST_FILE = RuntimeDemo/Info.plist;
				IPHONEOS_DEPLOYMENT_TARGET = 10.0;
				LD_RUNPATH_SEARCH_PATHS = (
					"$(inherited)",
					"@executable_path/Frameworks",
				);
				PRODUCT_BUNDLE_IDENTIFIER = com.jingjun.RuntimeDemo;
				PRODUCT_NAME = "$(TARGET_NAME)";
				TARGETED_DEVICE_FAMILY = "1,2";
			};
			name = Release;
		};
/* End XCBuildConfiguration section */

/* Begin XCConfigurationList section */
		C49B1549247CC12000C0E1BE /* Build configuration list for PBXProject "RuntimeDemo" */ = {
			isa = XCConfigurationList;
			buildConfigurations = (
				C49B1565247CC12200C0E1BE /* Debug */,
				C49B1566247CC12200C0E1BE /* Release */,
			);
			defaultConfigurationIsVisible = 0;
			defaultConfigurationName = Release;
		};
		C49B1567247CC12200C0E1BE /* Build configuration list for PBXNativeTarget "RuntimeDemo" */ = {
			isa = XCConfigurationList;
			buildConfigurations = (
				C49B1568247CC12200C0E1BE /* Debug */,
				C49B1569247CC12200C0E1BE /* Release */,
			);
			defaultConfigurationIsVisible = 0;
			defaultConfigurationName = Release;
		};
/* End XCConfigurationList section */
	};
	rootObject = C49B1546247CC12000C0E1BE /* Project object */;
}
